// !$*UTF8*$!
{
	archiveVersion = 1;
	classes = {
	};
	objectVersion = 50;
	objects = {

/* Begin PBXBuildFile section */
		5D17142221986372004F7371 /* SecondVC.m in Sources */ = {isa = PBXBuildFile; fileRef = 5D17142121986372004F7371 /* SecondVC.m */; };
		5D5CA90F21AFB51000AC2691 /* FirstCell.swift in Sources */ = {isa = PBXBuildFile; fileRef = 5D5CA90E21AFB51000AC2691 /* FirstCell.swift */; };
		5DA358DC21BF5E7A00EF395E /* 混编Abstract in Resources */ = {isa = PBXBuildFile; fileRef = 5DA358DB21BF5E7A00EF395E /* 混编Abstract */; };
		5DCABB8321788889003887D8 /* AppDelegate.swift in Sources */ = {isa = PBXBuildFile; fileRef = 5DCABB8221788889003887D8 /* AppDelegate.swift */; };
		5DCABB8521788889003887D8 /* ViewController.swift in Sources */ = {isa = PBXBuildFile; fileRef = 5DCABB8421788889003887D8 /* ViewController.swift */; };
		5DCABB8821788889003887D8 /* Main.storyboard in Resources */ = {isa = PBXBuildFile; fileRef = 5DCABB8621788889003887D8 /* Main.storyboard */; };
		5DCABB8A2178888B003887D8 /* Assets.xcassets in Resources */ = {isa = PBXBuildFile; fileRef = 5DCABB892178888B003887D8 /* Assets.xcassets */; };
		5DCABB8D2178888B003887D8 /* LaunchScreen.storyboard in Resources */ = {isa = PBXBuildFile; fileRef = 5DCABB8B2178888B003887D8 /* LaunchScreen.storyboard */; };
		5DCABB982178888B003887D8 /* Swift__Tests.swift in Sources */ = {isa = PBXBuildFile; fileRef = 5DCABB972178888B003887D8 /* Swift__Tests.swift */; };
		5DCABBA32178888B003887D8 /* Swift__UITests.swift in Sources */ = {isa = PBXBuildFile; fileRef = 5DCABBA22178888B003887D8 /* Swift__UITests.swift */; };
		5DCABBB3217888C8003887D8 /* FirstVC.m in Sources */ = {isa = PBXBuildFile; fileRef = 5DCABBB2217888C8003887D8 /* FirstVC.m */; };
		5DEBF87521BFAAE500965D71 /* UIScreen+LJ.m in Sources */ = {isa = PBXBuildFile; fileRef = 5DEBF87321BFAAE500965D71 /* UIScreen+LJ.m */; };
		5DEBF87721BFBD0F00965D71 /* ThirdVC.swift in Sources */ = {isa = PBXBuildFile; fileRef = 5DEBF87621BFBD0F00965D71 /* ThirdVC.swift */; };
/* End PBXBuildFile section */

/* Begin PBXContainerItemProxy section */
		5DCABB942178888B003887D8 /* PBXContainerItemProxy */ = {
			isa = PBXContainerItemProxy;
			containerPortal = 5DCABB7721788889003887D8 /* Project object */;
			proxyType = 1;
			remoteGlobalIDString = 5DCABB7E21788889003887D8;
			remoteInfo = "Swift练习";
		};
		5DCABB9F2178888B003887D8 /* PBXContainerItemProxy */ = {
			isa = PBXContainerItemProxy;
			containerPortal = 5DCABB7721788889003887D8 /* Project object */;
			proxyType = 1;
			remoteGlobalIDString = 5DCABB7E21788889003887D8;
			remoteInfo = "Swift练习";
		};
/* End PBXContainerItemProxy section */

/* Begin PBXFileReference section */
		5D17142021986372004F7371 /* SecondVC.h */ = {isa = PBXFileReference; lastKnownFileType = sourcecode.c.h; path = SecondVC.h; sourceTree = "<group>"; };
		5D17142121986372004F7371 /* SecondVC.m */ = {isa = PBXFileReference; lastKnownFileType = sourcecode.c.objc; path = SecondVC.m; sourceTree = "<group>"; };
		5D5CA90E21AFB51000AC2691 /* FirstCell.swift */ = {isa = PBXFileReference; lastKnownFileType = sourcecode.swift; path = FirstCell.swift; sourceTree = "<group>"; };
		5DA358DB21BF5E7A00EF395E /* 混编Abstract */ = {isa = PBXFileReference; lastKnownFileType = text; path = "混编Abstract"; sourceTree = "<group>"; };
		5DCABB7F21788889003887D8 /* Swift练习.app */ = {isa = PBXFileReference; explicitFileType = wrapper.application; includeInIndex = 0; path = "Swift练习.app"; sourceTree = BUILT_PRODUCTS_DIR; };
		5DCABB8221788889003887D8 /* AppDelegate.swift */ = {isa = PBXFileReference; lastKnownFileType = sourcecode.swift; path = AppDelegate.swift; sourceTree = "<group>"; };
		5DCABB8421788889003887D8 /* ViewController.swift */ = {isa = PBXFileReference; lastKnownFileType = sourcecode.swift; path = ViewController.swift; sourceTree = "<group>"; };
		5DCABB8721788889003887D8 /* Base */ = {isa = PBXFileReference; lastKnownFileType = file.storyboard; name = Base; path = Base.lproj/Main.storyboard; sourceTree = "<group>"; };
		5DCABB892178888B003887D8 /* Assets.xcassets */ = {isa = PBXFileReference; lastKnownFileType = folder.assetcatalog; path = Assets.xcassets; sourceTree = "<group>"; };
		5DCABB8C2178888B003887D8 /* Base */ = {isa = PBXFileReference; lastKnownFileType = file.storyboard; name = Base; path = Base.lproj/LaunchScreen.storyboard; sourceTree = "<group>"; };
		5DCABB8E2178888B003887D8 /* Info.plist */ = {isa = PBXFileReference; lastKnownFileType = text.plist.xml; path = Info.plist; sourceTree = "<group>"; };
		5DCABB932178888B003887D8 /* Swift练习Tests.xctest */ = {isa = PBXFileReference; explicitFileType = wrapper.cfbundle; includeInIndex = 0; path = "Swift练习Tests.xctest"; sourceTree = BUILT_PRODUCTS_DIR; };
		5DCABB972178888B003887D8 /* Swift__Tests.swift */ = {isa = PBXFileReference; lastKnownFileType = sourcecode.swift; path = Swift__Tests.swift; sourceTree = "<group>"; };
		5DCABB992178888B003887D8 /* Info.plist */ = {isa = PBXFileReference; lastKnownFileType = text.plist.xml; path = Info.plist; sourceTree = "<group>"; };
		5DCABB9E2178888B003887D8 /* Swift练习UITests.xctest */ = {isa = PBXFileReference; explicitFileType = wrapper.cfbundle; includeInIndex = 0; path = "Swift练习UITests.xctest"; sourceTree = BUILT_PRODUCTS_DIR; };
		5DCABBA22178888B003887D8 /* Swift__UITests.swift */ = {isa = PBXFileReference; lastKnownFileType = sourcecode.swift; path = Swift__UITests.swift; sourceTree = "<group>"; };
		5DCABBA42178888B003887D8 /* Info.plist */ = {isa = PBXFileReference; lastKnownFileType = text.plist.xml; path = Info.plist; sourceTree = "<group>"; };
		5DCABBB0217888C8003887D8 /* Swift练习-Bridging-Header.h */ = {isa = PBXFileReference; lastKnownFileType = sourcecode.c.h; path = "Swift练习-Bridging-Header.h"; sourceTree = "<group>"; };
		5DCABBB1217888C8003887D8 /* FirstVC.h */ = {isa = PBXFileReference; lastKnownFileType = sourcecode.c.h; path = FirstVC.h; sourceTree = "<group>"; };
		5DCABBB2217888C8003887D8 /* FirstVC.m */ = {isa = PBXFileReference; lastKnownFileType = sourcecode.c.objc; path = FirstVC.m; sourceTree = "<group>"; };
		5DEBF87321BFAAE500965D71 /* UIScreen+LJ.m */ = {isa = PBXFileReference; fileEncoding = 4; lastKnownFileType = sourcecode.c.objc; path = "UIScreen+LJ.m"; sourceTree = "<group>"; };
		5DEBF87421BFAAE500965D71 /* UIScreen+LJ.h */ = {isa = PBXFileReference; fileEncoding = 4; lastKnownFileType = sourcecode.c.h; path = "UIScreen+LJ.h"; sourceTree = "<group>"; };
		5DEBF87621BFBD0F00965D71 /* ThirdVC.swift */ = {isa = PBXFileReference; lastKnownFileType = sourcecode.swift; path = ThirdVC.swift; sourceTree = "<group>"; };
/* End PBXFileReference section */

/* Begin PBXFrameworksBuildPhase section */
		5DCABB7C21788889003887D8 /* Frameworks */ = {
			isa = PBXFrameworksBuildPhase;
			buildActionMask = 2147483647;
			files = (
			);
			runOnlyForDeploymentPostprocessing = 0;
		};
		5DCABB902178888B003887D8 /* Frameworks */ = {
			isa = PBXFrameworksBuildPhase;
			buildActionMask = 2147483647;
			files = (
			);
			runOnlyForDeploymentPostprocessing = 0;
		};
		5DCABB9B2178888B003887D8 /* Frameworks */ = {
			isa = PBXFrameworksBuildPhase;
			buildActionMask = 2147483647;
			files = (
			);
			runOnlyForDeploymentPostprocessing = 0;
		};
/* End PBXFrameworksBuildPhase section */

/* Begin PBXGroup section */
		5DCABB7621788889003887D8 = {
			isa = PBXGroup;
			children = (
				5DCABB8121788889003887D8 /* Swift练习 */,
				5DCABB962178888B003887D8 /* Swift练习Tests */,
				5DCABBA12178888B003887D8 /* Swift练习UITests */,
				5DCABB8021788889003887D8 /* Products */,
			);
			sourceTree = "<group>";
		};
		5DCABB8021788889003887D8 /* Products */ = {
			isa = PBXGroup;
			children = (
				5DCABB7F21788889003887D8 /* Swift练习.app */,
				5DCABB932178888B003887D8 /* Swift练习Tests.xctest */,
				5DCABB9E2178888B003887D8 /* Swift练习UITests.xctest */,
			);
			name = Products;
			sourceTree = "<group>";
		};
		5DCABB8121788889003887D8 /* Swift练习 */ = {
			isa = PBXGroup;
			children = (
				5DA358DB21BF5E7A00EF395E /* 混编Abstract */,
				5DCABB8221788889003887D8 /* AppDelegate.swift */,
				5DCABB8421788889003887D8 /* ViewController.swift */,
				5DCABBB1217888C8003887D8 /* FirstVC.h */,
				5DCABBB2217888C8003887D8 /* FirstVC.m */,
				5D17142021986372004F7371 /* SecondVC.h */,
				5D17142121986372004F7371 /* SecondVC.m */,
				5DEBF87621BFBD0F00965D71 /* ThirdVC.swift */,
				5DEBF87421BFAAE500965D71 /* UIScreen+LJ.h */,
				5DEBF87321BFAAE500965D71 /* UIScreen+LJ.m */,
				5D5CA90E21AFB51000AC2691 /* FirstCell.swift */,
				5DCABBB0217888C8003887D8 /* Swift练习-Bridging-Header.h */,
				5DCABB8621788889003887D8 /* Main.storyboard */,
				5DCABB892178888B003887D8 /* Assets.xcassets */,
				5DCABB8B2178888B003887D8 /* LaunchScreen.storyboard */,
				5DCABB8E2178888B003887D8 /* Info.plist */,
			);
			path = "Swift练习";
			sourceTree = "<group>";
		};
		5DCABB962178888B003887D8 /* Swift练习Tests */ = {
			isa = PBXGroup;
			children = (
				5DCABB972178888B003887D8 /* Swift__Tests.swift */,
				5DCABB992178888B003887D8 /* Info.plist */,
			);
			path = "Swift练习Tests";
			sourceTree = "<group>";
		};
		5DCABBA12178888B003887D8 /* Swift练习UITests */ = {
			isa = PBXGroup;
			children = (
				5DCABBA22178888B003887D8 /* Swift__UITests.swift */,
				5DCABBA42178888B003887D8 /* Info.plist */,
			);
			path = "Swift练习UITests";
			sourceTree = "<group>";
		};
/* End PBXGroup section */

/* Begin PBXNativeTarget section */
		5DCABB7E21788889003887D8 /* Swift练习 */ = {
			isa = PBXNativeTarget;
			buildConfigurationList = 5DCABBA72178888B003887D8 /* Build configuration list for PBXNativeTarget "Swift练习" */;
			buildPhases = (
				5DCABB7B21788889003887D8 /* Sources */,
				5DCABB7C21788889003887D8 /* Frameworks */,
				5DCABB7D21788889003887D8 /* Resources */,
			);
			buildRules = (
			);
			dependencies = (
			);
			name = "Swift练习";
			productName = "Swift练习";
			productReference = 5DCABB7F21788889003887D8 /* Swift练习.app */;
			productType = "com.apple.product-type.application";
		};
		5DCABB922178888B003887D8 /* Swift练习Tests */ = {
			isa = PBXNativeTarget;
			buildConfigurationList = 5DCABBAA2178888B003887D8 /* Build configuration list for PBXNativeTarget "Swift练习Tests" */;
			buildPhases = (
				5DCABB8F2178888B003887D8 /* Sources */,
				5DCABB902178888B003887D8 /* Frameworks */,
				5DCABB912178888B003887D8 /* Resources */,
			);
			buildRules = (
			);
			dependencies = (
				5DCABB952178888B003887D8 /* PBXTargetDependency */,
			);
			name = "Swift练习Tests";
			productName = "Swift练习Tests";
			productReference = 5DCABB932178888B003887D8 /* Swift练习Tests.xctest */;
			productType = "com.apple.product-type.bundle.unit-test";
		};
		5DCABB9D2178888B003887D8 /* Swift练习UITests */ = {
			isa = PBXNativeTarget;
			buildConfigurationList = 5DCABBAD2178888B003887D8 /* Build configuration list for PBXNativeTarget "Swift练习UITests" */;
			buildPhases = (
				5DCABB9A2178888B003887D8 /* Sources */,
				5DCABB9B2178888B003887D8 /* Frameworks */,
				5DCABB9C2178888B003887D8 /* Resources */,
			);
			buildRules = (
			);
			dependencies = (
				5DCABBA02178888B003887D8 /* PBXTargetDependency */,
			);
			name = "Swift练习UITests";
			productName = "Swift练习UITests";
			productReference = 5DCABB9E2178888B003887D8 /* Swift练习UITests.xctest */;
			productType = "com.apple.product-type.bundle.ui-testing";
		};
/* End PBXNativeTarget section */

/* Begin PBXProject section */
		5DCABB7721788889003887D8 /* Project object */ = {
			isa = PBXProject;
			attributes = {
				LastSwiftUpdateCheck = 1000;
				LastUpgradeCheck = 1000;
				ORGANIZATIONNAME = LiuXing;
				TargetAttributes = {
					5DCABB7E21788889003887D8 = {
						CreatedOnToolsVersion = 10.0;
						LastSwiftMigration = 1000;
					};
					5DCABB922178888B003887D8 = {
						CreatedOnToolsVersion = 10.0;
						TestTargetID = 5DCABB7E21788889003887D8;
					};
					5DCABB9D2178888B003887D8 = {
						CreatedOnToolsVersion = 10.0;
						TestTargetID = 5DCABB7E21788889003887D8;
					};
				};
			};
			buildConfigurationList = 5DCABB7A21788889003887D8 /* Build configuration list for PBXProject "Swift练习" */;
			compatibilityVersion = "Xcode 9.3";
			developmentRegion = en;
			hasScannedForEncodings = 0;
			knownRegions = (
				en,
				Base,
			);
			mainGroup = 5DCABB7621788889003887D8;
			productRefGroup = 5DCABB8021788889003887D8 /* Products */;
			projectDirPath = "";
			projectRoot = "";
			targets = (
				5DCABB7E21788889003887D8 /* Swift练习 */,
				5DCABB922178888B003887D8 /* Swift练习Tests */,
				5DCABB9D2178888B003887D8 /* Swift练习UITests */,
			);
		};
/* End PBXProject section */

/* Begin PBXResourcesBuildPhase section */
		5DCABB7D21788889003887D8 /* Resources */ = {
			isa = PBXResourcesBuildPhase;
			buildActionMask = 2147483647;
			files = (
				5DA358DC21BF5E7A00EF395E /* 混编Abstract in Resources */,
				5DCABB8D2178888B003887D8 /* LaunchScreen.storyboard in Resources */,
				5DCABB8A2178888B003887D8 /* Assets.xcassets in Resources */,
				5DCABB8821788889003887D8 /* Main.storyboard in Resources */,
			);
			runOnlyForDeploymentPostprocessing = 0;
		};
		5DCABB912178888B003887D8 /* Resources */ = {
			isa = PBXResourcesBuildPhase;
			buildActionMask = 2147483647;
			files = (
			);
			runOnlyForDeploymentPostprocessing = 0;
		};
		5DCABB9C2178888B003887D8 /* Resources */ = {
			isa = PBXResourcesBuildPhase;
			buildActionMask = 2147483647;
			files = (
			);
			runOnlyForDeploymentPostprocessing = 0;
		};
/* End PBXResourcesBuildPhase section */

/* Begin PBXSourcesBuildPhase section */
		5DCABB7B21788889003887D8 /* Sources */ = {
			isa = PBXSourcesBuildPhase;
			buildActionMask = 2147483647;
			files = (
				5DCABB8521788889003887D8 /* ViewController.swift in Sources */,
				5DCABBB3217888C8003887D8 /* FirstVC.m in Sources */,
				5D17142221986372004F7371 /* SecondVC.m in Sources */,
				5DEBF87721BFBD0F00965D71 /* ThirdVC.swift in Sources */,
				5DCABB8321788889003887D8 /* AppDelegate.swift in Sources */,
				5D5CA90F21AFB51000AC2691 /* FirstCell.swift in Sources */,
				5DEBF87521BFAAE500965D71 /* UIScreen+LJ.m in Sources */,
			);
			runOnlyForDeploymentPostprocessing = 0;
		};
		5DCABB8F2178888B003887D8 /* Sources */ = {
			isa = PBXSourcesBuildPhase;
			buildActionMask = 2147483647;
			files = (
				5DCABB982178888B003887D8 /* Swift__Tests.swift in Sources */,
			);
			runOnlyForDeploymentPostprocessing = 0;
		};
		5DCABB9A2178888B003887D8 /* Sources */ = {
			isa = PBXSourcesBuildPhase;
			buildActionMask = 2147483647;
			files = (
				5DCABBA32178888B003887D8 /* Swift__UITests.swift in Sources */,
			);
			runOnlyForDeploymentPostprocessing = 0;
		};
/* End PBXSourcesBuildPhase section */

/* Begin PBXTargetDependency section */
		5DCABB952178888B003887D8 /* PBXTargetDependency */ = {
			isa = PBXTargetDependency;
			target = 5DCABB7E21788889003887D8 /* Swift练习 */;
			targetProxy = 5DCABB942178888B003887D8 /* PBXContainerItemProxy */;
		};
		5DCABBA02178888B003887D8 /* PBXTargetDependency */ = {
			isa = PBXTargetDependency;
			target = 5DCABB7E21788889003887D8 /* Swift练习 */;
			targetProxy = 5DCABB9F2178888B003887D8 /* PBXContainerItemProxy */;
		};
/* End PBXTargetDependency section */

/* Begin PBXVariantGroup section */
		5DCABB8621788889003887D8 /* Main.storyboard */ = {
			isa = PBXVariantGroup;
			children = (
				5DCABB8721788889003887D8 /* Base */,
			);
			name = Main.storyboard;
			sourceTree = "<group>";
		};
		5DCABB8B2178888B003887D8 /* LaunchScreen.storyboard */ = {
			isa = PBXVariantGroup;
			children = (
				5DCABB8C2178888B003887D8 /* Base */,
			);
			name = LaunchScreen.storyboard;
			sourceTree = "<group>";
		};
/* End PBXVariantGroup section */

/* Begin XCBuildConfiguration section */
		5DCABBA52178888B003887D8 /* Debug */ = {
			isa = XCBuildConfiguration;
			buildSettings = {
				ALWAYS_SEARCH_USER_PATHS = NO;
				CLANG_ANALYZER_NONNULL = YES;
				CLANG_ANALYZER_NUMBER_OBJECT_CONVERSION = YES_AGGRESSIVE;
				CLANG_CXX_LANGUAGE_STANDARD = "gnu++14";
				CLANG_CXX_LIBRARY = "libc++";
				CLANG_ENABLE_MODULES = YES;
				CLANG_ENABLE_OBJC_ARC = YES;
				CLANG_ENABLE_OBJC_WEAK = YES;
				CLANG_WARN_BLOCK_CAPTURE_AUTORELEASING = YES;
				CLANG_WARN_BOOL_CONVERSION = YES;
				CLANG_WARN_COMMA = YES;
				CLANG_WARN_CONSTANT_CONVERSION = YES;
				CLANG_WARN_DEPRECATED_OBJC_IMPLEMENTATIONS = YES;
				CLANG_WARN_DIRECT_OBJC_ISA_USAGE = YES_ERROR;
				CLANG_WARN_DOCUMENTATION_COMMENTS = YES;
				CLANG_WARN_EMPTY_BODY = YES;
				CLANG_WARN_ENUM_CONVERSION = YES;
				CLANG_WARN_INFINITE_RECURSION = YES;
				CLANG_WARN_INT_CONVERSION = YES;
				CLANG_WARN_NON_LITERAL_NULL_CONVERSION = YES;
				CLANG_WARN_OBJC_IMPLICIT_RETAIN_SELF = YES;
				CLANG_WARN_OBJC_LITERAL_CONVERSION = YES;
				CLANG_WARN_OBJC_ROOT_CLASS = YES_ERROR;
				CLANG_WARN_RANGE_LOOP_ANALYSIS = YES;
				CLANG_WARN_STRICT_PROTOTYPES = YES;
				CLANG_WARN_SUSPICIOUS_MOVE = YES;
				CLANG_WARN_UNGUARDED_AVAILABILITY = YES_AGGRESSIVE;
				CLANG_WARN_UNREACHABLE_CODE = YES;
				CLANG_WARN__DUPLICATE_METHOD_MATCH = YES;
				CODE_SIGN_IDENTITY = "iPhone Developer";
				COPY_PHASE_STRIP = NO;
				DEBUG_INFORMATION_FORMAT = dwarf;
				ENABLE_STRICT_OBJC_MSGSEND = YES;
				ENABLE_TESTABILITY = YES;
				GCC_C_LANGUAGE_STANDARD = gnu11;
				GCC_DYNAMIC_NO_PIC = NO;
				GCC_NO_COMMON_BLOCKS = YES;
				GCC_OPTIMIZATION_LEVEL = 0;
				GCC_PREPROCESSOR_DEFINITIONS = (
					"DEBUG=1",
					"$(inherited)",
				);
				GCC_WARN_64_TO_32_BIT_CONVERSION = YES;
				GCC_WARN_ABOUT_RETURN_TYPE = YES_ERROR;
				GCC_WARN_UNDECLARED_SELECTOR = YES;
				GCC_WARN_UNINITIALIZED_AUTOS = YES_AGGRESSIVE;
				GCC_WARN_UNUSED_FUNCTION = YES;
				GCC_WARN_UNUSED_VARIABLE = YES;
				IPHONEOS_DEPLOYMENT_TARGET = 12.0;
				MTL_ENABLE_DEBUG_INFO = INCLUDE_SOURCE;
				MTL_FAST_MATH = YES;
				ONLY_ACTIVE_ARCH = YES;
				SDKROOT = iphoneos;
				SWIFT_ACTIVE_COMPILATION_CONDITIONS = DEBUG;
				SWIFT_OPTIMIZATION_LEVEL = "-Onone";
			};
			name = Debug;
		};
		5DCABBA62178888B003887D8 /* Release */ = {
			isa = XCBuildConfiguration;
			buildSettings = {
				ALWAYS_SEARCH_USER_PATHS = NO;
				CLANG_ANALYZER_NONNULL = YES;
				CLANG_ANALYZER_NUMBER_OBJECT_CONVERSION = YES_AGGRESSIVE;
				CLANG_CXX_LANGUAGE_STANDARD = "gnu++14";
				CLANG_CXX_LIBRARY = "libc++";
				CLANG_ENABLE_MODULES = YES;
				CLANG_ENABLE_OBJC_ARC = YES;
				CLANG_ENABLE_OBJC_WEAK = YES;
				CLANG_WARN_BLOCK_CAPTURE_AUTORELEASING = YES;
				CLANG_WARN_BOOL_CONVERSION = YES;
				CLANG_WARN_COMMA = YES;
				CLANG_WARN_CONSTANT_CONVERSION = YES;
				CLANG_WARN_DEPRECATED_OBJC_IMPLEMENTATIONS = YES;
				CLANG_WARN_DIRECT_OBJC_ISA_USAGE = YES_ERROR;
				CLANG_WARN_DOCUMENTATION_COMMENTS = YES;
				CLANG_WARN_EMPTY_BODY = YES;
				CLANG_WARN_ENUM_CONVERSION = YES;
				CLANG_WARN_INFINITE_RECURSION = YES;
				CLANG_WARN_INT_CONVERSION = YES;
				CLANG_WARN_NON_LITERAL_NULL_CONVERSION = YES;
				CLANG_WARN_OBJC_IMPLICIT_RETAIN_SELF = YES;
				CLANG_WARN_OBJC_LITERAL_CONVERSION = YES;
				CLANG_WARN_OBJC_ROOT_CLASS = YES_ERROR;
				CLANG_WARN_RANGE_LOOP_ANALYSIS = YES;
				CLANG_WARN_STRICT_PROTOTYPES = YES;
				CLANG_WARN_SUSPICIOUS_MOVE = YES;
				CLANG_WARN_UNGUARDED_AVAILABILITY = YES_AGGRESSIVE;
				CLANG_WARN_UNREACHABLE_CODE = YES;
				CLANG_WARN__DUPLICATE_METHOD_MATCH = YES;
				CODE_SIGN_IDENTITY = "iPhone Developer";
				COPY_PHASE_STRIP = NO;
				DEBUG_INFORMATION_FORMAT = "dwarf-with-dsym";
				ENABLE_NS_ASSERTIONS = NO;
				ENABLE_STRICT_OBJC_MSGSEND = YES;
				GCC_C_LANGUAGE_STANDARD = gnu11;
				GCC_NO_COMMON_BLOCKS = YES;
				GCC_WARN_64_TO_32_BIT_CONVERSION = YES;
				GCC_WARN_ABOUT_RETURN_TYPE = YES_ERROR;
				GCC_WARN_UNDECLARED_SELECTOR = YES;
				GCC_WARN_UNINITIALIZED_AUTOS = YES_AGGRESSIVE;
				GCC_WARN_UNUSED_FUNCTION = YES;
				GCC_WARN_UNUSED_VARIABLE = YES;
				IPHONEOS_DEPLOYMENT_TARGET = 12.0;
				MTL_ENABLE_DEBUG_INFO = NO;
				MTL_FAST_MATH = YES;
				SDKROOT = iphoneos;
				SWIFT_COMPILATION_MODE = wholemodule;
				SWIFT_OPTIMIZATION_LEVEL = "-O";
				VALIDATE_PRODUCT = YES;
			};
			name = Release;
		};
		5DCABBA82178888B003887D8 /* Debug */ = {
			isa = XCBuildConfiguration;
			buildSettings = {
				ASSETCATALOG_COMPILER_APPICON_NAME = AppIcon;
				CLANG_ENABLE_MODULES = YES;
				CODE_SIGN_STYLE = Automatic;
				DEFINES_MODULE = YES;
				DEVELOPMENT_TEAM = LWS4Y938T4;
				INFOPLIST_FILE = "Swift练习/Info.plist";
				IPHONEOS_DEPLOYMENT_TARGET = 9.0;
				LD_RUNPATH_SEARCH_PATHS = (
					"$(inherited)",
					"@executable_path/Frameworks",
				);
				PRODUCT_BUNDLE_IDENTIFIER = "cn.com.liuxing.Swift--";
				PRODUCT_NAME = "$(TARGET_NAME)";
				SWIFT_OBJC_BRIDGING_HEADER = "Swift练习/Swift练习-Bridging-Header.h";
				SWIFT_OPTIMIZATION_LEVEL = "-Onone";
				SWIFT_VERSION = 4.2;
				TARGETED_DEVICE_FAMILY = "1,2";
			};
			name = Debug;
		};
		5DCABBA92178888B003887D8 /* Release */ = {
			isa = XCBuildConfiguration;
			buildSettings = {
				ASSETCATALOG_COMPILER_APPICON_NAME = AppIcon;
				CLANG_ENABLE_MODULES = YES;
				CODE_SIGN_STYLE = Automatic;
				DEFINES_MODULE = YES;
				DEVELOPMENT_TEAM = LWS4Y938T4;
				INFOPLIST_FILE = "Swift练习/Info.plist";
				IPHONEOS_DEPLOYMENT_TARGET = 9.0;
				LD_RUNPATH_SEARCH_PATHS = (
					"$(inherited)",
					"@executable_path/Frameworks",
				);
				PRODUCT_BUNDLE_IDENTIFIER = "cn.com.liuxing.Swift--";
				PRODUCT_NAME = "$(TARGET_NAME)";
				SWIFT_OBJC_BRIDGING_HEADER = "Swift练习/Swift练习-Bridging-Header.h";
				SWIFT_VERSION = 4.2;
				TARGETED_DEVICE_FAMILY = "1,2";
			};
			name = Release;
		};
		5DCABBAB2178888B003887D8 /* Debug */ = {
			isa = XCBuildConfiguration;
			buildSettings = {
				ALWAYS_EMBED_SWIFT_STANDARD_LIBRARIES = YES;
				BUNDLE_LOADER = "$(TEST_HOST)";
				CODE_SIGN_STYLE = Automatic;
				DEVELOPMENT_TEAM = LWS4Y938T4;
				INFOPLIST_FILE = "Swift练习Tests/Info.plist";
				LD_RUNPATH_SEARCH_PATHS = (
					"$(inherited)",
					"@executable_path/Frameworks",
					"@loader_path/Frameworks",
				);
				PRODUCT_BUNDLE_IDENTIFIER = "cn.com.liuxing.Swift--Tests";
				PRODUCT_NAME = "$(TARGET_NAME)";
				SWIFT_VERSION = 4.2;
				TARGETED_DEVICE_FAMILY = "1,2";
				TEST_HOST = "$(BUILT_PRODUCTS_DIR)/Swift练习.app/Swift练习";
			};
			name = Debug;
		};
		5DCABBAC2178888B003887D8 /* Release */ = {
			isa = XCBuildConfiguration;
			buildSettings = {
				ALWAYS_EMBED_SWIFT_STANDARD_LIBRARIES = YES;
				BUNDLE_LOADER = "$(TEST_HOST)";
				CODE_SIGN_STYLE = Automatic;
				DEVELOPMENT_TEAM = LWS4Y938T4;
				INFOPLIST_FILE = "Swift练习Tests/Info.plist";
				LD_RUNPATH_SEARCH_PATHS = (
					"$(inherited)",
					"@executable_path/Frameworks",
					"@loader_path/Frameworks",
				);
				PRODUCT_BUNDLE_IDENTIFIER = "cn.com.liuxing.Swift--Tests";
				PRODUCT_NAME = "$(TARGET_NAME)";
				SWIFT_VERSION = 4.2;
				TARGETED_DEVICE_FAMILY = "1,2";
				TEST_HOST = "$(BUILT_PRODUCTS_DIR)/Swift练习.app/Swift练习";
			};
			name = Release;
		};
		5DCABBAE2178888B003887D8 /* Debug */ = {
			isa = XCBuildConfiguration;
			buildSettings = {
				ALWAYS_EMBED_SWIFT_STANDARD_LIBRARIES = YES;
				CODE_SIGN_STYLE = Automatic;
				DEVELOPMENT_TEAM = LWS4Y938T4;
				INFOPLIST_FILE = "Swift练习UITests/Info.plist";
				LD_RUNPATH_SEARCH_PATHS = (
					"$(inherited)",
					"@executable_path/Frameworks",
					"@loader_path/Frameworks",
				);
				PRODUCT_BUNDLE_IDENTIFIER = "cn.com.liuxing.Swift--UITests";
				PRODUCT_NAME = "$(TARGET_NAME)";
				SWIFT_VERSION = 4.2;
				TARGETED_DEVICE_FAMILY = "1,2";
				TEST_TARGET_NAME = "Swift练习";
			};
			name = Debug;
		};
		5DCABBAF2178888B003887D8 /* Release */ = {
			isa = XCBuildConfiguration;
			buildSettings = {
				ALWAYS_EMBED_SWIFT_STANDARD_LIBRARIES = YES;
				CODE_SIGN_STYLE = Automatic;
				DEVELOPMENT_TEAM = LWS4Y938T4;
				INFOPLIST_FILE = "Swift练习UITests/Info.plist";
				LD_RUNPATH_SEARCH_PATHS = (
					"$(inherited)",
					"@executable_path/Frameworks",
					"@loader_path/Frameworks",
				);
				PRODUCT_BUNDLE_IDENTIFIER = "cn.com.liuxing.Swift--UITests";
				PRODUCT_NAME = "$(TARGET_NAME)";
				SWIFT_VERSION = 4.2;
				TARGETED_DEVICE_FAMILY = "1,2";
				TEST_TARGET_NAME = "Swift练习";
			};
			name = Release;
		};
/* End XCBuildConfiguration section */

/* Begin XCConfigurationList section */
		5DCABB7A21788889003887D8 /* Build configuration list for PBXProject "Swift练习" */ = {
			isa = XCConfigurationList;
			buildConfigurations = (
				5DCABBA52178888B003887D8 /* Debug */,
				5DCABBA62178888B003887D8 /* Release */,
			);
			defaultConfigurationIsVisible = 0;
			defaultConfigurationName = Release;
		};
		5DCABBA72178888B003887D8 /* Build configuration list for PBXNativeTarget "Swift练习" */ = {
			isa = XCConfigurationList;
			buildConfigurations = (
				5DCABBA82178888B003887D8 /* Debug */,
				5DCABBA92178888B003887D8 /* Release */,
			);
			defaultConfigurationIsVisible = 0;
			defaultConfigurationName = Release;
		};
		5DCABBAA2178888B003887D8 /* Build configuration list for PBXNativeTarget "Swift练习Tests" */ = {
			isa = XCConfigurationList;
			buildConfigurations = (
				5DCABBAB2178888B003887D8 /* Debug */,
				5DCABBAC2178888B003887D8 /* Release */,
			);
			defaultConfigurationIsVisible = 0;
			defaultConfigurationName = Release;
		};
		5DCABBAD2178888B003887D8 /* Build configuration list for PBXNativeTarget "Swift练习UITests" */ = {
			isa = XCConfigurationList;
			buildConfigurations = (
				5DCABBAE2178888B003887D8 /* Debug */,
				5DCABBAF2178888B003887D8 /* Release */,
			);
			defaultConfigurationIsVisible = 0;
			defaultConfigurationName = Release;
		};
/* End XCConfigurationList section */
	};
	rootObject = 5DCABB7721788889003887D8 /* Project object */;
}
